
Microsoft Visual Studio Solution File, Format Version 12.00
# Visual Studio Version 17
VisualStudioVersion = 17.0.31815.197
MinimumVisualStudioVersion = 10.0.40219.1
Project("{FAE04EC0-301F-11D3-BF4B-00C04F79EFBC}") = "Simple_Stub", "Simple_Stub\Simple_Stub.csproj", "{E19B9B23-934D-4796-AF7D-2D2096562ADD}"
EndProject
Global
	GlobalSection(SolutionConfigurationPlatforms) = preSolution
		Debug|Any CPU = Debug|Any CPU
		Release|Any CPU = Release|Any CPU
	EndGlobalSection
	GlobalSection(ProjectConfigurationPlatforms) = postSolution
		{E19B9B23-934D-4796-AF7D-2D2096562ADD}.Debug|Any CPU.ActiveCfg = Debug|Any CPU
		{E19B9B23-934D-4796-AF7D-2D2096562ADD}.Debug|Any CPU.Build.0 = Debug|Any CPU
		{E19B9B23-934D-4796-AF7D-2D2096562ADD}.Release|Any CPU.ActiveCfg = Release|Any CPU
		{E19B9B23-934D-4796-AF7D-2D2096562ADD}.Release|Any CPU.Build.0 = Release|Any CPU
	EndGlobalSection
	GlobalSection(SolutionProperties) = preSolution
		HideSolutionNode = FALSE
	EndGlobalSection
	GlobalSection(ExtensibilityGlobals) = postSolution
		SolutionGuid = {30DCAECA-8813-44BC-80DA-220349DCDD18}
	EndGlobalSection
EndGlobal
